
Microsoft Visual Studio Solution File, Format Version 12.00
# Visual Studio Version 17
VisualStudioVersion = 17.1.32210.238
MinimumVisualStudioVersion = 10.0.40219.1
Project("{FAE04EC0-301F-11D3-BF4B-00C04F79EFBC}") = "001-LoginSystem", "001-LoginSystem\001-LoginSystem.csproj", "{FD9C445C-9559-4B8C-BEDA-6EA8008037EF}"
EndProject
Global
	GlobalSection(SolutionConfigurationPlatforms) = preSolution
		Debug|Any CPU = Debug|Any CPU
		Release|Any CPU = Release|Any CPU
	EndGlobalSection
	GlobalSection(ProjectConfigurationPlatforms) = postSolution
		{FD9C445C-9559-4B8C-BEDA-6EA8008037EF}.Debug|Any CPU.ActiveCfg = Debug|Any CPU
		{FD9C445C-9559-4B8C-BEDA-6EA8008037EF}.Debug|Any CPU.Build.0 = Debug|Any CPU
		{FD9C445C-9559-4B8C-BEDA-6EA8008037EF}.Release|Any CPU.ActiveCfg = Release|Any CPU
		{FD9C445C-9559-4B8C-BEDA-6EA8008037EF}.Release|Any CPU.Build.0 = Release|Any CPU
	EndGlobalSection
	GlobalSection(SolutionProperties) = preSolution
		HideSolutionNode = FALSE
	EndGlobalSection
	GlobalSection(ExtensibilityGlobals) = postSolution
		SolutionGuid = {8AE73F0F-D28B-4403-BC1A-45BC6758D672}
	EndGlobalSection
EndGlobal
