
Microsoft Visual Studio Solution File, Format Version 12.00
# Visual Studio Version 17
VisualStudioVersion = 17.1.32210.238
MinimumVisualStudioVersion = 10.0.40219.1
Project("{9A19103F-16F7-4668-BE54-9A1E7A4F7556}") = "001-LoginSystem", "001-LoginSystem\001-LoginSystem.csproj", "{FD9C445C-9559-4B8C-BEDA-6EA8008037EF}"
EndProject
Project("{9A19103F-16F7-4668-BE54-9A1E7A4F7556}") = "002-Portfolio", "002-Portfolio\002-Portfolio.csproj", "{006EB411-C461-4EDE-850F-4BB572D7B243}"
EndProject
Project("{9A19103F-16F7-4668-BE54-9A1E7A4F7556}") = "003-RestSharp", "003-RestSharp\003-RestSharp.csproj", "{CA85258A-AA61-4DFC-BCE6-ADA2F3AD19AF}"
EndProject
Project("{9A19103F-16F7-4668-BE54-9A1E7A4F7556}") = "004-MudBlazorFirst", "004-MudBlazorFirst\004-MudBlazorFirst.csproj", "{9DAC8164-9232-4D1A-B6D3-27B38FF79349}"
EndProject
Global
	GlobalSection(SolutionConfigurationPlatforms) = preSolution
		Debug|Any CPU = Debug|Any CPU
		Release|Any CPU = Release|Any CPU
	EndGlobalSection
	GlobalSection(ProjectConfigurationPlatforms) = postSolution
		{FD9C445C-9559-4B8C-BEDA-6EA8008037EF}.Debug|Any CPU.ActiveCfg = Debug|Any CPU
		{FD9C445C-9559-4B8C-BEDA-6EA8008037EF}.Debug|Any CPU.Build.0 = Debug|Any CPU
		{FD9C445C-9559-4B8C-BEDA-6EA8008037EF}.Release|Any CPU.ActiveCfg = Release|Any CPU
		{FD9C445C-9559-4B8C-BEDA-6EA8008037EF}.Release|Any CPU.Build.0 = Release|Any CPU
		{006EB411-C461-4EDE-850F-4BB572D7B243}.Debug|Any CPU.ActiveCfg = Debug|Any CPU
		{006EB411-C461-4EDE-850F-4BB572D7B243}.Debug|Any CPU.Build.0 = Debug|Any CPU
		{006EB411-C461-4EDE-850F-4BB572D7B243}.Release|Any CPU.ActiveCfg = Release|Any CPU
		{006EB411-C461-4EDE-850F-4BB572D7B243}.Release|Any CPU.Build.0 = Release|Any CPU
		{CA85258A-AA61-4DFC-BCE6-ADA2F3AD19AF}.Debug|Any CPU.ActiveCfg = Debug|Any CPU
		{CA85258A-AA61-4DFC-BCE6-ADA2F3AD19AF}.Debug|Any CPU.Build.0 = Debug|Any CPU
		{CA85258A-AA61-4DFC-BCE6-ADA2F3AD19AF}.Release|Any CPU.ActiveCfg = Release|Any CPU
		{CA85258A-AA61-4DFC-BCE6-ADA2F3AD19AF}.Release|Any CPU.Build.0 = Release|Any CPU
		{9DAC8164-9232-4D1A-B6D3-27B38FF79349}.Debug|Any CPU.ActiveCfg = Debug|Any CPU
		{9DAC8164-9232-4D1A-B6D3-27B38FF79349}.Debug|Any CPU.Build.0 = Debug|Any CPU
		{9DAC8164-9232-4D1A-B6D3-27B38FF79349}.Release|Any CPU.ActiveCfg = Release|Any CPU
		{9DAC8164-9232-4D1A-B6D3-27B38FF79349}.Release|Any CPU.Build.0 = Release|Any CPU
	EndGlobalSection
	GlobalSection(SolutionProperties) = preSolution
		HideSolutionNode = FALSE
	EndGlobalSection
	GlobalSection(ExtensibilityGlobals) = postSolution
		SolutionGuid = {8AE73F0F-D28B-4403-BC1A-45BC6758D672}
	EndGlobalSection
EndGlobal
